
Microsoft Visual Studio Solution File, Format Version 12.00
# Visual Studio Version 17
VisualStudioVersion = 17.3.32901.215
MinimumVisualStudioVersion = 10.0.40219.1
Project("{FAE04EC0-301F-11D3-BF4B-00C04F79EFBC}") = "esercizio_operazione_ciclica", "esercizio_operazione_ciclica\esercizio_operazione_ciclica.csproj", "{1F34347A-1D1E-4A12-8153-853C7FE224F1}"
EndProject
Global
	GlobalSection(SolutionConfigurationPlatforms) = preSolution
		Debug|Any CPU = Debug|Any CPU
		Release|Any CPU = Release|Any CPU
	EndGlobalSection
	GlobalSection(ProjectConfigurationPlatforms) = postSolution
		{1F34347A-1D1E-4A12-8153-853C7FE224F1}.Debug|Any CPU.ActiveCfg = Debug|Any CPU
		{1F34347A-1D1E-4A12-8153-853C7FE224F1}.Debug|Any CPU.Build.0 = Debug|Any CPU
		{1F34347A-1D1E-4A12-8153-853C7FE224F1}.Release|Any CPU.ActiveCfg = Release|Any CPU
		{1F34347A-1D1E-4A12-8153-853C7FE224F1}.Release|Any CPU.Build.0 = Release|Any CPU
	EndGlobalSection
	GlobalSection(SolutionProperties) = preSolution
		HideSolutionNode = FALSE
	EndGlobalSection
	GlobalSection(ExtensibilityGlobals) = postSolution
		SolutionGuid = {BE7646A1-13F0-44E6-8190-50F40FB4682D}
	EndGlobalSection
EndGlobal
