
Microsoft Visual Studio Solution File, Format Version 12.00
# Visual Studio Version 17
VisualStudioVersion = 17.3.32901.215
MinimumVisualStudioVersion = 10.0.40219.1
Project("{FAE04EC0-301F-11D3-BF4B-00C04F79EFBC}") = "Esercizio_For_20112023", "Esercizio_For_20112023\Esercizio_For_20112023.csproj", "{2DFE3A93-67EC-449C-8B19-DF8C0009FA03}"
EndProject
Global
	GlobalSection(SolutionConfigurationPlatforms) = preSolution
		Debug|Any CPU = Debug|Any CPU
		Release|Any CPU = Release|Any CPU
	EndGlobalSection
	GlobalSection(ProjectConfigurationPlatforms) = postSolution
		{2DFE3A93-67EC-449C-8B19-DF8C0009FA03}.Debug|Any CPU.ActiveCfg = Debug|Any CPU
		{2DFE3A93-67EC-449C-8B19-DF8C0009FA03}.Debug|Any CPU.Build.0 = Debug|Any CPU
		{2DFE3A93-67EC-449C-8B19-DF8C0009FA03}.Release|Any CPU.ActiveCfg = Release|Any CPU
		{2DFE3A93-67EC-449C-8B19-DF8C0009FA03}.Release|Any CPU.Build.0 = Release|Any CPU
	EndGlobalSection
	GlobalSection(SolutionProperties) = preSolution
		HideSolutionNode = FALSE
	EndGlobalSection
	GlobalSection(ExtensibilityGlobals) = postSolution
		SolutionGuid = {29FFE189-7CD7-499A-9C0A-A7BD78902574}
	EndGlobalSection
EndGlobal
